
Microsoft Visual Studio Solution File, Format Version 12.00
# Visual Studio 15
VisualStudioVersion = 15.0.26730.16
MinimumVisualStudioVersion = 10.0.40219.1
Project("{FAE04EC0-301F-11D3-BF4B-00C04F79EFBC}") = "Comp229-Assign01", "Comp229-Assign01\Comp229-Assign01.csproj", "{A8FAA6F4-6143-44DD-93AE-22C3B6867114}"
EndProject
Global
	GlobalSection(SolutionConfigurationPlatforms) = preSolution
		Debug|Any CPU = Debug|Any CPU
		Release|Any CPU = Release|Any CPU
	EndGlobalSection
	GlobalSection(ProjectConfigurationPlatforms) = postSolution
		{A8FAA6F4-6143-44DD-93AE-22C3B6867114}.Debug|Any CPU.ActiveCfg = Debug|Any CPU
		{A8FAA6F4-6143-44DD-93AE-22C3B6867114}.Debug|Any CPU.Build.0 = Debug|Any CPU
		{A8FAA6F4-6143-44DD-93AE-22C3B6867114}.Release|Any CPU.ActiveCfg = Release|Any CPU
		{A8FAA6F4-6143-44DD-93AE-22C3B6867114}.Release|Any CPU.Build.0 = Release|Any CPU
	EndGlobalSection
	GlobalSection(SolutionProperties) = preSolution
		HideSolutionNode = FALSE
	EndGlobalSection
	GlobalSection(ExtensibilityGlobals) = postSolution
		SolutionGuid = {21775AFC-8382-4CA1-A73B-ADCD0354C800}
	EndGlobalSection
EndGlobal
